// !$*UTF8*$!
{
	archiveVersion = 1;
	classes = {
	};
	objectVersion = 55;
	objects = {

/* Begin PBXBuildFile section */
		263EEDDD2873BA9100167220 /* CoreData_BareBoneApp.swift in Sources */ = {isa = PBXBuildFile; fileRef = 263EEDDC2873BA9100167220 /* CoreData_BareBoneApp.swift */; };
		263EEDDF2873BA9100167220 /* MemoListView.swift in Sources */ = {isa = PBXBuildFile; fileRef = 263EEDDE2873BA9100167220 /* MemoListView.swift */; };
		263EEDE12873BA9200167220 /* Assets.xcassets in Resources */ = {isa = PBXBuildFile; fileRef = 263EEDE02873BA9200167220 /* Assets.xcassets */; };
		263EEDE42873BA9200167220 /* Preview Assets.xcassets in Resources */ = {isa = PBXBuildFile; fileRef = 263EEDE32873BA9200167220 /* Preview Assets.xcassets */; };
		263EEDEC2873BAD600167220 /* MemoModel.xcdatamodeld in Sources */ = {isa = PBXBuildFile; fileRef = 263EEDEA2873BAD600167220 /* MemoModel.xcdatamodeld */; };
		263EEE552873CDC100167220 /* MemoViewModel.swift in Sources */ = {isa = PBXBuildFile; fileRef = 263EEE542873CDC100167220 /* MemoViewModel.swift */; };
		263EEE572873D12100167220 /* DetailMemoView.swift in Sources */ = {isa = PBXBuildFile; fileRef = 263EEE562873D12100167220 /* DetailMemoView.swift */; };
		263EEE592873D5C400167220 /* AddMemoView.swift in Sources */ = {isa = PBXBuildFile; fileRef = 263EEE582873D5C400167220 /* AddMemoView.swift */; };
		263EEE5B2873FB6E00167220 /* UpdateMemoView.swift in Sources */ = {isa = PBXBuildFile; fileRef = 263EEE5A2873FB6E00167220 /* UpdateMemoView.swift */; };
/* End PBXBuildFile section */

/* Begin PBXFileReference section */
		263EEDD92873BA9100167220 /* CoreData_BareBone.app */ = {isa = PBXFileReference; explicitFileType = wrapper.application; includeInIndex = 0; path = CoreData_BareBone.app; sourceTree = BUILT_PRODUCTS_DIR; };
		263EEDDC2873BA9100167220 /* CoreData_BareBoneApp.swift */ = {isa = PBXFileReference; lastKnownFileType = sourcecode.swift; path = CoreData_BareBoneApp.swift; sourceTree = "<group>"; };
		263EEDDE2873BA9100167220 /* MemoListView.swift */ = {isa = PBXFileReference; lastKnownFileType = sourcecode.swift; path = MemoListView.swift; sourceTree = "<group>"; };
		263EEDE02873BA9200167220 /* Assets.xcassets */ = {isa = PBXFileReference; lastKnownFileType = folder.assetcatalog; path = Assets.xcassets; sourceTree = "<group>"; };
		263EEDE32873BA9200167220 /* Preview Assets.xcassets */ = {isa = PBXFileReference; lastKnownFileType = folder.assetcatalog; path = "Preview Assets.xcassets"; sourceTree = "<group>"; };
		263EEDEB2873BAD600167220 /* MemoModel.xcdatamodel */ = {isa = PBXFileReference; lastKnownFileType = wrapper.xcdatamodel; path = MemoModel.xcdatamodel; sourceTree = "<group>"; };
		263EEE542873CDC100167220 /* MemoViewModel.swift */ = {isa = PBXFileReference; lastKnownFileType = sourcecode.swift; path = MemoViewModel.swift; sourceTree = "<group>"; };
		263EEE562873D12100167220 /* DetailMemoView.swift */ = {isa = PBXFileReference; lastKnownFileType = sourcecode.swift; path = DetailMemoView.swift; sourceTree = "<group>"; };
		263EEE582873D5C400167220 /* AddMemoView.swift */ = {isa = PBXFileReference; lastKnownFileType = sourcecode.swift; path = AddMemoView.swift; sourceTree = "<group>"; };
		263EEE5A2873FB6E00167220 /* UpdateMemoView.swift */ = {isa = PBXFileReference; lastKnownFileType = sourcecode.swift; path = UpdateMemoView.swift; sourceTree = "<group>"; };
/* End PBXFileReference section */

/* Begin PBXFrameworksBuildPhase section */
		263EEDD62873BA9100167220 /* Frameworks */ = {
			isa = PBXFrameworksBuildPhase;
			buildActionMask = 2147483647;
			files = (
			);
			runOnlyForDeploymentPostprocessing = 0;
		};
/* End PBXFrameworksBuildPhase section */

/* Begin PBXGroup section */
		263EEDD02873BA9100167220 = {
			isa = PBXGroup;
			children = (
				263EEDDB2873BA9100167220 /* CoreData_BareBone */,
				263EEDDA2873BA9100167220 /* Products */,
			);
			sourceTree = "<group>";
		};
		263EEDDA2873BA9100167220 /* Products */ = {
			isa = PBXGroup;
			children = (
				263EEDD92873BA9100167220 /* CoreData_BareBone.app */,
			);
			name = Products;
			sourceTree = "<group>";
		};
		263EEDDB2873BA9100167220 /* CoreData_BareBone */ = {
			isa = PBXGroup;
			children = (
				263EEDDC2873BA9100167220 /* CoreData_BareBoneApp.swift */,
				263EEE512873CD7F00167220 /* Model */,
				263EEE502873CD6000167220 /* ViewModel */,
				263EEE4F2873CD5600167220 /* View */,
				263EEDE02873BA9200167220 /* Assets.xcassets */,
				263EEDE22873BA9200167220 /* Preview Content */,
			);
			path = CoreData_BareBone;
			sourceTree = "<group>";
		};
		263EEDE22873BA9200167220 /* Preview Content */ = {
			isa = PBXGroup;
			children = (
				263EEDE32873BA9200167220 /* Preview Assets.xcassets */,
			);
			path = "Preview Content";
			sourceTree = "<group>";
		};
		263EEE4F2873CD5600167220 /* View */ = {
			isa = PBXGroup;
			children = (
				263EEDDE2873BA9100167220 /* MemoListView.swift */,
				263EEE562873D12100167220 /* DetailMemoView.swift */,
				263EEE5A2873FB6E00167220 /* UpdateMemoView.swift */,
				263EEE582873D5C400167220 /* AddMemoView.swift */,
			);
			path = View;
			sourceTree = "<group>";
		};
		263EEE502873CD6000167220 /* ViewModel */ = {
			isa = PBXGroup;
			children = (
				263EEE542873CDC100167220 /* MemoViewModel.swift */,
			);
			path = ViewModel;
			sourceTree = "<group>";
		};
		263EEE512873CD7F00167220 /* Model */ = {
			isa = PBXGroup;
			children = (
				263EEDEA2873BAD600167220 /* MemoModel.xcdatamodeld */,
			);
			path = Model;
			sourceTree = "<group>";
		};
/* End PBXGroup section */

/* Begin PBXNativeTarget section */
		263EEDD82873BA9100167220 /* CoreData_BareBone */ = {
			isa = PBXNativeTarget;
			buildConfigurationList = 263EEDE72873BA9200167220 /* Build configuration list for PBXNativeTarget "CoreData_BareBone" */;
			buildPhases = (
				263EEDD52873BA9100167220 /* Sources */,
				263EEDD62873BA9100167220 /* Frameworks */,
				263EEDD72873BA9100167220 /* Resources */,
			);
			buildRules = (
			);
			dependencies = (
			);
			name = CoreData_BareBone;
			productName = CoreData_BareBone;
			productReference = 263EEDD92873BA9100167220 /* CoreData_BareBone.app */;
			productType = "com.apple.product-type.application";
		};
/* End PBXNativeTarget section */

/* Begin PBXProject section */
		263EEDD12873BA9100167220 /* Project object */ = {
			isa = PBXProject;
			attributes = {
				BuildIndependentTargetsInParallel = 1;
				LastSwiftUpdateCheck = 1330;
				LastUpgradeCheck = 1330;
				TargetAttributes = {
					263EEDD82873BA9100167220 = {
						CreatedOnToolsVersion = 13.3.1;
					};
				};
			};
			buildConfigurationList = 263EEDD42873BA9100167220 /* Build configuration list for PBXProject "CoreData_BareBone" */;
			compatibilityVersion = "Xcode 13.0";
			developmentRegion = en;
			hasScannedForEncodings = 0;
			knownRegions = (
				en,
				Base,
			);
			mainGroup = 263EEDD02873BA9100167220;
			productRefGroup = 263EEDDA2873BA9100167220 /* Products */;
			projectDirPath = "";
			projectRoot = "";
			targets = (
				263EEDD82873BA9100167220 /* CoreData_BareBone */,
			);
		};
/* End PBXProject section */

/* Begin PBXResourcesBuildPhase section */
		263EEDD72873BA9100167220 /* Resources */ = {
			isa = PBXResourcesBuildPhase;
			buildActionMask = 2147483647;
			files = (
				263EEDE42873BA9200167220 /* Preview Assets.xcassets in Resources */,
				263EEDE12873BA9200167220 /* Assets.xcassets in Resources */,
			);
			runOnlyForDeploymentPostprocessing = 0;
		};
/* End PBXResourcesBuildPhase section */

/* Begin PBXSourcesBuildPhase section */
		263EEDD52873BA9100167220 /* Sources */ = {
			isa = PBXSourcesBuildPhase;
			buildActionMask = 2147483647;
			files = (
				263EEE572873D12100167220 /* DetailMemoView.swift in Sources */,
				263EEE552873CDC100167220 /* MemoViewModel.swift in Sources */,
				263EEE592873D5C400167220 /* AddMemoView.swift in Sources */,
				263EEDDF2873BA9100167220 /* MemoListView.swift in Sources */,
				263EEE5B2873FB6E00167220 /* UpdateMemoView.swift in Sources */,
				263EEDEC2873BAD600167220 /* MemoModel.xcdatamodeld in Sources */,
				263EEDDD2873BA9100167220 /* CoreData_BareBoneApp.swift in Sources */,
			);
			runOnlyForDeploymentPostprocessing = 0;
		};
/* End PBXSourcesBuildPhase section */

/* Begin XCBuildConfiguration section */
		263EEDE52873BA9200167220 /* Debug */ = {
			isa = XCBuildConfiguration;
			buildSettings = {
				ALWAYS_SEARCH_USER_PATHS = NO;
				CLANG_ANALYZER_NONNULL = YES;
				CLANG_ANALYZER_NUMBER_OBJECT_CONVERSION = YES_AGGRESSIVE;
				CLANG_CXX_LANGUAGE_STANDARD = "gnu++17";
				CLANG_ENABLE_MODULES = YES;
				CLANG_ENABLE_OBJC_ARC = YES;
				CLANG_ENABLE_OBJC_WEAK = YES;
				CLANG_WARN_BLOCK_CAPTURE_AUTORELEASING = YES;
				CLANG_WARN_BOOL_CONVERSION = YES;
				CLANG_WARN_COMMA = YES;
				CLANG_WARN_CONSTANT_CONVERSION = YES;
				CLANG_WARN_DEPRECATED_OBJC_IMPLEMENTATIONS = YES;
				CLANG_WARN_DIRECT_OBJC_ISA_USAGE = YES_ERROR;
				CLANG_WARN_DOCUMENTATION_COMMENTS = YES;
				CLANG_WARN_EMPTY_BODY = YES;
				CLANG_WARN_ENUM_CONVERSION = YES;
				CLANG_WARN_INFINITE_RECURSION = YES;
				CLANG_WARN_INT_CONVERSION = YES;
				CLANG_WARN_NON_LITERAL_NULL_CONVERSION = YES;
				CLANG_WARN_OBJC_IMPLICIT_RETAIN_SELF = YES;
				CLANG_WARN_OBJC_LITERAL_CONVERSION = YES;
				CLANG_WARN_OBJC_ROOT_CLASS = YES_ERROR;
				CLANG_WARN_QUOTED_INCLUDE_IN_FRAMEWORK_HEADER = YES;
				CLANG_WARN_RANGE_LOOP_ANALYSIS = YES;
				CLANG_WARN_STRICT_PROTOTYPES = YES;
				CLANG_WARN_SUSPICIOUS_MOVE = YES;
				CLANG_WARN_UNGUARDED_AVAILABILITY = YES_AGGRESSIVE;
				CLANG_WARN_UNREACHABLE_CODE = YES;
				CLANG_WARN__DUPLICATE_METHOD_MATCH = YES;
				COPY_PHASE_STRIP = NO;
				DEBUG_INFORMATION_FORMAT = dwarf;
				ENABLE_STRICT_OBJC_MSGSEND = YES;
				ENABLE_TESTABILITY = YES;
				GCC_C_LANGUAGE_STANDARD = gnu11;
				GCC_DYNAMIC_NO_PIC = NO;
				GCC_NO_COMMON_BLOCKS = YES;
				GCC_OPTIMIZATION_LEVEL = 0;
				GCC_PREPROCESSOR_DEFINITIONS = (
					"DEBUG=1",
					"$(inherited)",
				);
				GCC_WARN_64_TO_32_BIT_CONVERSION = YES;
				GCC_WARN_ABOUT_RETURN_TYPE = YES_ERROR;
				GCC_WARN_UNDECLARED_SELECTOR = YES;
				GCC_WARN_UNINITIALIZED_AUTOS = YES_AGGRESSIVE;
				GCC_WARN_UNUSED_FUNCTION = YES;
				GCC_WARN_UNUSED_VARIABLE = YES;
				IPHONEOS_DEPLOYMENT_TARGET = 15.4;
				MTL_ENABLE_DEBUG_INFO = INCLUDE_SOURCE;
				MTL_FAST_MATH = YES;
				ONLY_ACTIVE_ARCH = YES;
				SDKROOT = iphoneos;
				SWIFT_ACTIVE_COMPILATION_CONDITIONS = DEBUG;
				SWIFT_OPTIMIZATION_LEVEL = "-Onone";
			};
			name = Debug;
		};
		263EEDE62873BA9200167220 /* Release */ = {
			isa = XCBuildConfiguration;
			buildSettings = {
				ALWAYS_SEARCH_USER_PATHS = NO;
				CLANG_ANALYZER_NONNULL = YES;
				CLANG_ANALYZER_NUMBER_OBJECT_CONVERSION = YES_AGGRESSIVE;
				CLANG_CXX_LANGUAGE_STANDARD = "gnu++17";
				CLANG_ENABLE_MODULES = YES;
				CLANG_ENABLE_OBJC_ARC = YES;
				CLANG_ENABLE_OBJC_WEAK = YES;
				CLANG_WARN_BLOCK_CAPTURE_AUTORELEASING = YES;
				CLANG_WARN_BOOL_CONVERSION = YES;
				CLANG_WARN_COMMA = YES;
				CLANG_WARN_CONSTANT_CONVERSION = YES;
				CLANG_WARN_DEPRECATED_OBJC_IMPLEMENTATIONS = YES;
				CLANG_WARN_DIRECT_OBJC_ISA_USAGE = YES_ERROR;
				CLANG_WARN_DOCUMENTATION_COMMENTS = YES;
				CLANG_WARN_EMPTY_BODY = YES;
				CLANG_WARN_ENUM_CONVERSION = YES;
				CLANG_WARN_INFINITE_RECURSION = YES;
				CLANG_WARN_INT_CONVERSION = YES;
				CLANG_WARN_NON_LITERAL_NULL_CONVERSION = YES;
				CLANG_WARN_OBJC_IMPLICIT_RETAIN_SELF = YES;
				CLANG_WARN_OBJC_LITERAL_CONVERSION = YES;
				CLANG_WARN_OBJC_ROOT_CLASS = YES_ERROR;
				CLANG_WARN_QUOTED_INCLUDE_IN_FRAMEWORK_HEADER = YES;
				CLANG_WARN_RANGE_LOOP_ANALYSIS = YES;
				CLANG_WARN_STRICT_PROTOTYPES = YES;
				CLANG_WARN_SUSPICIOUS_MOVE = YES;
				CLANG_WARN_UNGUARDED_AVAILABILITY = YES_AGGRESSIVE;
				CLANG_WARN_UNREACHABLE_CODE = YES;
				CLANG_WARN__DUPLICATE_METHOD_MATCH = YES;
				COPY_PHASE_STRIP = NO;
				DEBUG_INFORMATION_FORMAT = "dwarf-with-dsym";
				ENABLE_NS_ASSERTIONS = NO;
				ENABLE_STRICT_OBJC_MSGSEND = YES;
				GCC_C_LANGUAGE_STANDARD = gnu11;
				GCC_NO_COMMON_BLOCKS = YES;
				GCC_WARN_64_TO_32_BIT_CONVERSION = YES;
				GCC_WARN_ABOUT_RETURN_TYPE = YES_ERROR;
				GCC_WARN_UNDECLARED_SELECTOR = YES;
				GCC_WARN_UNINITIALIZED_AUTOS = YES_AGGRESSIVE;
				GCC_WARN_UNUSED_FUNCTION = YES;
				GCC_WARN_UNUSED_VARIABLE = YES;
				IPHONEOS_DEPLOYMENT_TARGET = 15.4;
				MTL_ENABLE_DEBUG_INFO = NO;
				MTL_FAST_MATH = YES;
				SDKROOT = iphoneos;
				SWIFT_COMPILATION_MODE = wholemodule;
				SWIFT_OPTIMIZATION_LEVEL = "-O";
				VALIDATE_PRODUCT = YES;
			};
			name = Release;
		};
		263EEDE82873BA9200167220 /* Debug */ = {
			isa = XCBuildConfiguration;
			buildSettings = {
				ASSETCATALOG_COMPILER_APPICON_NAME = AppIcon;
				ASSETCATALOG_COMPILER_GLOBAL_ACCENT_COLOR_NAME = AccentColor;
				CODE_SIGN_STYLE = Automatic;
				CURRENT_PROJECT_VERSION = 1;
				DEVELOPMENT_ASSET_PATHS = "\"CoreData_BareBone/Preview Content\"";
				DEVELOPMENT_TEAM = MWAVAS64W5;
				ENABLE_PREVIEWS = YES;
				GENERATE_INFOPLIST_FILE = YES;
				INFOPLIST_KEY_UIApplicationSceneManifest_Generation = YES;
				INFOPLIST_KEY_UIApplicationSupportsIndirectInputEvents = YES;
				INFOPLIST_KEY_UILaunchScreen_Generation = YES;
				INFOPLIST_KEY_UISupportedInterfaceOrientations_iPad = "UIInterfaceOrientationPortrait UIInterfaceOrientationPortraitUpsideDown UIInterfaceOrientationLandscapeLeft UIInterfaceOrientationLandscapeRight";
				INFOPLIST_KEY_UISupportedInterfaceOrientations_iPhone = "UIInterfaceOrientationPortrait UIInterfaceOrientationLandscapeLeft UIInterfaceOrientationLandscapeRight";
				LD_RUNPATH_SEARCH_PATHS = (
					"$(inherited)",
					"@executable_path/Frameworks",
				);
				MARKETING_VERSION = 1.0;
				PRODUCT_BUNDLE_IDENTIFIER = "roun.CoreData-BareBone";
				PRODUCT_NAME = "$(TARGET_NAME)";
				SWIFT_EMIT_LOC_STRINGS = YES;
				SWIFT_VERSION = 5.0;
				TARGETED_DEVICE_FAMILY = "1,2";
			};
			name = Debug;
		};
		263EEDE92873BA9200167220 /* Release */ = {
			isa = XCBuildConfiguration;
			buildSettings = {
				ASSETCATALOG_COMPILER_APPICON_NAME = AppIcon;
				ASSETCATALOG_COMPILER_GLOBAL_ACCENT_COLOR_NAME = AccentColor;
				CODE_SIGN_STYLE = Automatic;
				CURRENT_PROJECT_VERSION = 1;
				DEVELOPMENT_ASSET_PATHS = "\"CoreData_BareBone/Preview Content\"";
				DEVELOPMENT_TEAM = MWAVAS64W5;
				ENABLE_PREVIEWS = YES;
				GENERATE_INFOPLIST_FILE = YES;
				INFOPLIST_KEY_UIApplicationSceneManifest_Generation = YES;
				INFOPLIST_KEY_UIApplicationSupportsIndirectInputEvents = YES;
				INFOPLIST_KEY_UILaunchScreen_Generation = YES;
				INFOPLIST_KEY_UISupportedInterfaceOrientations_iPad = "UIInterfaceOrientationPortrait UIInterfaceOrientationPortraitUpsideDown UIInterfaceOrientationLandscapeLeft UIInterfaceOrientationLandscapeRight";
				INFOPLIST_KEY_UISupportedInterfaceOrientations_iPhone = "UIInterfaceOrientationPortrait UIInterfaceOrientationLandscapeLeft UIInterfaceOrientationLandscapeRight";
				LD_RUNPATH_SEARCH_PATHS = (
					"$(inherited)",
					"@executable_path/Frameworks",
				);
				MARKETING_VERSION = 1.0;
				PRODUCT_BUNDLE_IDENTIFIER = "roun.CoreData-BareBone";
				PRODUCT_NAME = "$(TARGET_NAME)";
				SWIFT_EMIT_LOC_STRINGS = YES;
				SWIFT_VERSION = 5.0;
				TARGETED_DEVICE_FAMILY = "1,2";
			};
			name = Release;
		};
/* End XCBuildConfiguration section */

/* Begin XCConfigurationList section */
		263EEDD42873BA9100167220 /* Build configuration list for PBXProject "CoreData_BareBone" */ = {
			isa = XCConfigurationList;
			buildConfigurations = (
				263EEDE52873BA9200167220 /* Debug */,
				263EEDE62873BA9200167220 /* Release */,
			);
			defaultConfigurationIsVisible = 0;
			defaultConfigurationName = Release;
		};
		263EEDE72873BA9200167220 /* Build configuration list for PBXNativeTarget "CoreData_BareBone" */ = {
			isa = XCConfigurationList;
			buildConfigurations = (
				263EEDE82873BA9200167220 /* Debug */,
				263EEDE92873BA9200167220 /* Release */,
			);
			defaultConfigurationIsVisible = 0;
			defaultConfigurationName = Release;
		};
/* End XCConfigurationList section */

/* Begin XCVersionGroup section */
		263EEDEA2873BAD600167220 /* MemoModel.xcdatamodeld */ = {
			isa = XCVersionGroup;
			children = (
				263EEDEB2873BAD600167220 /* MemoModel.xcdatamodel */,
			);
			currentVersion = 263EEDEB2873BAD600167220 /* MemoModel.xcdatamodel */;
			path = MemoModel.xcdatamodeld;
			sourceTree = "<group>";
			versionGroupType = wrapper.xcdatamodel;
		};
/* End XCVersionGroup section */
	};
	rootObject = 263EEDD12873BA9100167220 /* Project object */;
}
